
Microsoft Visual Studio Solution File, Format Version 12.00
# Visual Studio Version 17
VisualStudioVersion = 17.0.31903.59
MinimumVisualStudioVersion = 10.0.40219.1
Project("{FAE04EC0-301F-11D3-BF4B-00C04F79EFBC}") = "backend-api", "backend-api\backend-api.csproj", "{BAE2FDDD-D2E9-47D8-B0FB-5DAE37EF4650}"
EndProject
Global
	GlobalSection(SolutionConfigurationPlatforms) = preSolution
		Debug|Any CPU = Debug|Any CPU
		Release|Any CPU = Release|Any CPU
	EndGlobalSection
	GlobalSection(SolutionProperties) = preSolution
		HideSolutionNode = FALSE
	EndGlobalSection
	GlobalSection(ProjectConfigurationPlatforms) = postSolution
		{BAE2FDDD-D2E9-47D8-B0FB-5DAE37EF4650}.Debug|Any CPU.ActiveCfg = Debug|Any CPU
		{BAE2FDDD-D2E9-47D8-B0FB-5DAE37EF4650}.Debug|Any CPU.Build.0 = Debug|Any CPU
		{BAE2FDDD-D2E9-47D8-B0FB-5DAE37EF4650}.Release|Any CPU.ActiveCfg = Release|Any CPU
		{BAE2FDDD-D2E9-47D8-B0FB-5DAE37EF4650}.Release|Any CPU.Build.0 = Release|Any CPU
	EndGlobalSection
EndGlobal
